<?xml version="1.0" encoding="utf-8"?>
<Project ToolsVersion="4.0" xmlns="http://schemas.microsoft.com/developer/msbuild/2003">
  <ItemGroup>
    <Filter Include="win32">
      <UniqueIdentifier>{84a8ebd7-7cf0-47f6-b75e-d441df67da40}</UniqueIdentifier>
    </Filter>
    <Filter Include="resource">
      <UniqueIdentifier>{715254bc-d70b-4ec5-bf29-467dd3ace079}</UniqueIdentifier>
    </Filter>
    <Filter Include="src">
      <UniqueIdentifier>{bb6c862e-70e9-49d9-81b7-3829a6f50471}</UniqueIdentifier>
    </Filter>
    <Filter Include="class">
      <UniqueIdentifier>{40c45dc4-e6b0-479c-86a1-c7d66287b269}</UniqueIdentifier>
    </Filter>
    <Filter Include="class\Gaming">
      <UniqueIdentifier>{e5820369-25b3-4f23-8af1-acd121a4806f}</UniqueIdentifier>
    </Filter>
    <Filter Include="class\Logo">
      <UniqueIdentifier>{c1292b94-3985-472a-ada9-0f5e856898fd}</UniqueIdentifier>
    </Filter>
    <Filter Include="class\Data">
      <UniqueIdentifier>{6f9117c4-179a-48c2-a4f3-bc307aa51dd6}</UniqueIdentifier>
    </Filter>
    <Filter Include="class\Elements">
      <UniqueIdentifier>{f5b27370-e8c8-4eba-a856-8fac829fbc32}</UniqueIdentifier>
    </Filter>
  </ItemGroup>
  <ItemGroup>
    <ClCompile Include="main.cpp">
      <Filter>win32</Filter>
    </ClCompile>
    <ClCompile Include="..\Classes\AppDelegate.cpp">
      <Filter>class</Filter>
    </ClCompile>
    <ClCompile Include="..\Classes\HelloWorldScene.cpp">
      <Filter>class</Filter>
    </ClCompile>
    <ClCompile Include="..\Classes\CommandCenter.cpp">
      <Filter>class\Gaming</Filter>
    </ClCompile>
    <ClCompile Include="..\Classes\GameLogo.cpp">
      <Filter>class\Logo</Filter>
    </ClCompile>
    <ClCompile Include="..\Classes\GameMenu.cpp">
      <Filter>class\Gaming</Filter>
    </ClCompile>
    <ClCompile Include="..\Classes\GameScene.cpp">
      <Filter>class\Gaming</Filter>
    </ClCompile>
    <ClCompile Include="..\Classes\GameBoard.cpp">
      <Filter>class\Elements</Filter>
    </ClCompile>
    <ClCompile Include="..\Classes\BlockElement.cpp">
      <Filter>class\Elements</Filter>
    </ClCompile>
    <ClCompile Include="..\Classes\Tetromino.cpp">
      <Filter>class\Elements</Filter>
    </ClCompile>
    <ClCompile Include="..\Classes\TouchLayer.cpp">
      <Filter>class\Elements</Filter>
    </ClCompile>
    <ClCompile Include="..\Classes\SuperRotationSystem.cpp">
      <Filter>class\Elements</Filter>
    </ClCompile>
    <ClCompile Include="..\Classes\RandomGenerator.cpp">
      <Filter>class\Elements</Filter>
    </ClCompile>
    <ClCompile Include="..\Classes\Block.cpp">
      <Filter>class\Elements</Filter>
    </ClCompile>
    <ClCompile Include="..\Classes\BlockGhost.cpp">
      <Filter>class\Elements</Filter>
    </ClCompile>
    <ClCompile Include="..\Classes\OptionLayer.cpp">
      <Filter>class\Gaming</Filter>
    </ClCompile>
  </ItemGroup>
  <ItemGroup>
    <ClInclude Include="main.h">
      <Filter>win32</Filter>
    </ClInclude>
    <ClInclude Include="..\Classes\HelloWorldScene.h">
      <Filter>class</Filter>
    </ClInclude>
    <ClInclude Include="..\Classes\AppDelegate.h">
      <Filter>class</Filter>
    </ClInclude>
    <ClInclude Include="..\Classes\CommandCenter.h">
      <Filter>class\Gaming</Filter>
    </ClInclude>
    <ClInclude Include="..\Classes\GameData.h">
      <Filter>class\Data</Filter>
    </ClInclude>
    <ClInclude Include="..\Classes\GameLogo.h">
      <Filter>class\Logo</Filter>
    </ClInclude>
    <ClInclude Include="..\Classes\GameMenu.h">
      <Filter>class\Gaming</Filter>
    </ClInclude>
    <ClInclude Include="..\Classes\GameScene.h">
      <Filter>class\Gaming</Filter>
    </ClInclude>
    <ClInclude Include="..\Classes\GameBoard.h">
      <Filter>class\Elements</Filter>
    </ClInclude>
    <ClInclude Include="..\Classes\BlockElement.h">
      <Filter>class\Elements</Filter>
    </ClInclude>
    <ClInclude Include="..\Classes\Tetromino.h">
      <Filter>class\Elements</Filter>
    </ClInclude>
    <ClInclude Include="..\Classes\TouchLayer.h">
      <Filter>class\Elements</Filter>
    </ClInclude>
    <ClInclude Include="..\Classes\TouchDelegate.h">
      <Filter>class\Elements</Filter>
    </ClInclude>
    <ClInclude Include="..\Classes\SuperRotationSystem.h">
      <Filter>class\Elements</Filter>
    </ClInclude>
    <ClInclude Include="..\Classes\RandomGenerator.h">
      <Filter>class\Elements</Filter>
    </ClInclude>
    <ClInclude Include="..\Classes\Block.h">
      <Filter>class\Elements</Filter>
    </ClInclude>
    <ClInclude Include="..\Classes\BoardInterface.h">
      <Filter>class\Elements</Filter>
    </ClInclude>
    <ClInclude Include="..\Classes\BlockGhost.h">
      <Filter>class\Elements</Filter>
    </ClInclude>
    <ClInclude Include="..\Classes\OptionLayer.h">
      <Filter>class\Gaming</Filter>
    </ClInclude>
  </ItemGroup>
  <ItemGroup>
    <ResourceCompile Include="game.rc">
      <Filter>resource</Filter>
    </ResourceCompile>
  </ItemGroup>
</Project>