<?xml version="1.0" encoding="utf-8"?>
<Project ToolsVersion="4.0" xmlns="http://schemas.microsoft.com/developer/msbuild/2003">
  <ItemGroup>
    <Filter Include="win32">
      <UniqueIdentifier>{84a8ebd7-7cf0-47f6-b75e-d441df67da40}</UniqueIdentifier>
    </Filter>
    <Filter Include="resource">
      <UniqueIdentifier>{715254bc-d70b-4ec5-bf29-467dd3ace079}</UniqueIdentifier>
    </Filter>
    <Filter Include="src">
      <UniqueIdentifier>{bb6c862e-70e9-49d9-81b7-3829a6f50471}</UniqueIdentifier>
    </Filter>
    <Filter Include="classes">
      <UniqueIdentifier>{78e51657-9e37-4589-9976-0e3ed308d7aa}</UniqueIdentifier>
    </Filter>
    <Filter Include="classes\Elements">
      <UniqueIdentifier>{bb245370-7d38-4497-9ff6-aadeee010a92}</UniqueIdentifier>
    </Filter>
    <Filter Include="classes\Helper">
      <UniqueIdentifier>{dc97eb48-889c-405b-88cd-64cf3b512ff4}</UniqueIdentifier>
    </Filter>
    <Filter Include="classes\Gaming">
      <UniqueIdentifier>{02fb7bde-ee02-4538-b7fd-932fc49ee9cc}</UniqueIdentifier>
    </Filter>
    <Filter Include="classes\Logo">
      <UniqueIdentifier>{04ddfd76-4b1b-4f1d-9cdc-83c80be2111a}</UniqueIdentifier>
    </Filter>
    <Filter Include="classes\Menu">
      <UniqueIdentifier>{8da3399b-5ee0-4f6d-83ac-96b6c277d228}</UniqueIdentifier>
    </Filter>
  </ItemGroup>
  <ItemGroup>
    <ClCompile Include="main.cpp">
      <Filter>win32</Filter>
    </ClCompile>
    <ClCompile Include="..\Classes\AppDelegate.cpp">
      <Filter>src</Filter>
    </ClCompile>
    <ClCompile Include="..\Classes\HelloWorldScene.cpp">
      <Filter>src</Filter>
    </ClCompile>
    <ClCompile Include="..\Classes\Block.cpp">
      <Filter>classes\Elements</Filter>
    </ClCompile>
    <ClCompile Include="..\Classes\BlockElement.cpp">
      <Filter>classes\Elements</Filter>
    </ClCompile>
    <ClCompile Include="..\Classes\BlockGhost.cpp">
      <Filter>classes\Elements</Filter>
    </ClCompile>
    <ClCompile Include="..\Classes\CommandCenter.cpp">
      <Filter>classes\Helper</Filter>
    </ClCompile>
    <ClCompile Include="..\Classes\DiscJockey.cpp">
      <Filter>classes\Helper</Filter>
    </ClCompile>
    <ClCompile Include="..\Classes\RandomGenerator.cpp">
      <Filter>classes\Helper</Filter>
    </ClCompile>
    <ClCompile Include="..\Classes\SuperRotationSystem.cpp">
      <Filter>classes\Helper</Filter>
    </ClCompile>
    <ClCompile Include="..\Classes\TouchLayer.cpp">
      <Filter>classes\Helper</Filter>
    </ClCompile>
    <ClCompile Include="..\Classes\GameLogo.cpp">
      <Filter>classes\Logo</Filter>
    </ClCompile>
    <ClCompile Include="..\Classes\GameMenu.cpp">
      <Filter>classes\Menu</Filter>
    </ClCompile>
    <ClCompile Include="..\Classes\CreditLayer.cpp">
      <Filter>classes\Menu</Filter>
    </ClCompile>
    <ClCompile Include="..\Classes\OptionLayer.cpp">
      <Filter>classes\Menu</Filter>
    </ClCompile>
    <ClCompile Include="..\Classes\GameScene.cpp">
      <Filter>classes\Gaming</Filter>
    </ClCompile>
    <ClCompile Include="..\Classes\GameBoard.cpp">
      <Filter>classes\Gaming</Filter>
    </ClCompile>
    <ClCompile Include="..\Classes\Tetromino.cpp">
      <Filter>classes\Elements</Filter>
    </ClCompile>
    <ClCompile Include="..\Classes\HUDLayer.cpp">
      <Filter>classes\Gaming</Filter>
    </ClCompile>
    <ClCompile Include="..\Classes\OverLayer.cpp">
      <Filter>classes\Menu</Filter>
    </ClCompile>
  </ItemGroup>
  <ItemGroup>
    <ClInclude Include="main.h">
      <Filter>win32</Filter>
    </ClInclude>
    <ClInclude Include="..\Classes\AppDelegate.h">
      <Filter>src</Filter>
    </ClInclude>
    <ClInclude Include="..\Classes\HelloWorldScene.h">
      <Filter>src</Filter>
    </ClInclude>
    <ClInclude Include="..\Classes\Block.h">
      <Filter>classes\Elements</Filter>
    </ClInclude>
    <ClInclude Include="..\Classes\BlockElement.h">
      <Filter>classes\Elements</Filter>
    </ClInclude>
    <ClInclude Include="..\Classes\BlockGhost.h">
      <Filter>classes\Elements</Filter>
    </ClInclude>
    <ClInclude Include="..\Classes\BoardInterface.h">
      <Filter>classes\Elements</Filter>
    </ClInclude>
    <ClInclude Include="..\Classes\CommandCenter.h">
      <Filter>classes\Helper</Filter>
    </ClInclude>
    <ClInclude Include="..\Classes\DiscJockey.h">
      <Filter>classes\Helper</Filter>
    </ClInclude>
    <ClInclude Include="..\Classes\DiscJockeyDelegate.h">
      <Filter>classes\Helper</Filter>
    </ClInclude>
    <ClInclude Include="..\Classes\RandomGenerator.h">
      <Filter>classes\Helper</Filter>
    </ClInclude>
    <ClInclude Include="..\Classes\SuperRotationSystem.h">
      <Filter>classes\Helper</Filter>
    </ClInclude>
    <ClInclude Include="..\Classes\TouchLayer.h">
      <Filter>classes\Helper</Filter>
    </ClInclude>
    <ClInclude Include="..\Classes\TouchDelegate.h">
      <Filter>classes\Helper</Filter>
    </ClInclude>
    <ClInclude Include="..\Classes\GameData.h">
      <Filter>classes\Helper</Filter>
    </ClInclude>
    <ClInclude Include="..\Classes\GameLogo.h">
      <Filter>classes\Logo</Filter>
    </ClInclude>
    <ClInclude Include="..\Classes\GameMenu.h">
      <Filter>classes\Menu</Filter>
    </ClInclude>
    <ClInclude Include="..\Classes\CreditLayer.h">
      <Filter>classes\Menu</Filter>
    </ClInclude>
    <ClInclude Include="..\Classes\OptionLayer.h">
      <Filter>classes\Menu</Filter>
    </ClInclude>
    <ClInclude Include="..\Classes\GameScene.h">
      <Filter>classes\Gaming</Filter>
    </ClInclude>
    <ClInclude Include="..\Classes\GameBoard.h">
      <Filter>classes\Gaming</Filter>
    </ClInclude>
    <ClInclude Include="..\Classes\Tetromino.h">
      <Filter>classes\Elements</Filter>
    </ClInclude>
    <ClInclude Include="..\Classes\HUDDelegate.h">
      <Filter>classes\Gaming</Filter>
    </ClInclude>
    <ClInclude Include="..\Classes\HUDLayer.h">
      <Filter>classes\Gaming</Filter>
    </ClInclude>
    <ClInclude Include="..\Classes\OverLayer.h">
      <Filter>classes\Menu</Filter>
    </ClInclude>
  </ItemGroup>
  <ItemGroup>
    <ResourceCompile Include="game.rc">
      <Filter>resource</Filter>
    </ResourceCompile>
  </ItemGroup>
</Project>